{
  "object": {
    "pins": [
      {
        "package": "KMPNativeCoroutines",
        "repositoryURL": "https://github.com/rickclephas/KMP-NativeCoroutines",
        "state": {
          "branch": "master",
          "revision": "bb6727fb8eaf88802b66eb03e9f1448c2d45a1da",
          "version": null
        }
      },
      {
        "package": "RxSwift",
        "repositoryURL": "https://github.com/ReactiveX/RxSwift.git",
        "state": {
          "branch": null,
          "revision": "b4307ba0b6425c0ba4178e138799946c3da594f8",
          "version": "6.5.0"
        }
      }
    ]
  },
  "version": 1
}
